
Microsoft Visual Studio Solution File, Format Version 12.00
# Visual Studio Version 16
VisualStudioVersion = 16.0.30404.54
MinimumVisualStudioVersion = 10.0.40219.1
Project("{FAE04EC0-301F-11D3-BF4B-00C04F79EFBC}") = "Ui5", "Ui5\Ui5.csproj", "{FC708417-2EEA-4488-8340-D1D755CDC392}"
EndProject
Global
	GlobalSection(SolutionConfigurationPlatforms) = preSolution
		Debug|Any CPU = Debug|Any CPU
		Release|Any CPU = Release|Any CPU
	EndGlobalSection
	GlobalSection(ProjectConfigurationPlatforms) = postSolution
		{FC708417-2EEA-4488-8340-D1D755CDC392}.Debug|Any CPU.ActiveCfg = Debug|Any CPU
		{FC708417-2EEA-4488-8340-D1D755CDC392}.Debug|Any CPU.Build.0 = Debug|Any CPU
		{FC708417-2EEA-4488-8340-D1D755CDC392}.Release|Any CPU.ActiveCfg = Release|Any CPU
		{FC708417-2EEA-4488-8340-D1D755CDC392}.Release|Any CPU.Build.0 = Release|Any CPU
	EndGlobalSection
	GlobalSection(SolutionProperties) = preSolution
		HideSolutionNode = FALSE
	EndGlobalSection
	GlobalSection(ExtensibilityGlobals) = postSolution
		SolutionGuid = {BBF14C5C-1317-4850-84CC-FA1AA027C2CD}
	EndGlobalSection
EndGlobal
